
Microsoft Visual Studio Solution File, Format Version 12.00
# Visual Studio Version 16
VisualStudioVersion = 16.0.34301.259
MinimumVisualStudioVersion = 10.0.40219.1
Project("{FAE04EC0-301F-11D3-BF4B-00C04F79EFBC}") = "Docker_Project", "Docker_Project\Docker_Project.csproj", "{985E4019-796B-4C46-86E7-C91EC14AF01D}"
EndProject
Global
	GlobalSection(SolutionConfigurationPlatforms) = preSolution
		Debug|Any CPU = Debug|Any CPU
		Release|Any CPU = Release|Any CPU
	EndGlobalSection
	GlobalSection(ProjectConfigurationPlatforms) = postSolution
		{985E4019-796B-4C46-86E7-C91EC14AF01D}.Debug|Any CPU.ActiveCfg = Debug|Any CPU
		{985E4019-796B-4C46-86E7-C91EC14AF01D}.Debug|Any CPU.Build.0 = Debug|Any CPU
		{985E4019-796B-4C46-86E7-C91EC14AF01D}.Release|Any CPU.ActiveCfg = Release|Any CPU
		{985E4019-796B-4C46-86E7-C91EC14AF01D}.Release|Any CPU.Build.0 = Release|Any CPU
	EndGlobalSection
	GlobalSection(SolutionProperties) = preSolution
		HideSolutionNode = FALSE
	EndGlobalSection
	GlobalSection(ExtensibilityGlobals) = postSolution
		SolutionGuid = {3DB44F48-EABE-41F0-A258-D36D93DCD48E}
	EndGlobalSection
EndGlobal
